
Microsoft Visual Studio Solution File, Format Version 12.00
# Visual Studio Version 17
VisualStudioVersion = 17.5.33424.131
MinimumVisualStudioVersion = 10.0.40219.1
Project("{FAE04EC0-301F-11D3-BF4B-00C04F79EFBC}") = "UngDungDocTruyen", "UngDungDocTruyen\UngDungDocTruyen.csproj", "{86381025-4EEF-4BF7-A768-F0047D567499}"
EndProject
Global
	GlobalSection(SolutionConfigurationPlatforms) = preSolution
		Debug|Any CPU = Debug|Any CPU
		Release|Any CPU = Release|Any CPU
	EndGlobalSection
	GlobalSection(ProjectConfigurationPlatforms) = postSolution
		{86381025-4EEF-4BF7-A768-F0047D567499}.Debug|Any CPU.ActiveCfg = Debug|Any CPU
		{86381025-4EEF-4BF7-A768-F0047D567499}.Debug|Any CPU.Build.0 = Debug|Any CPU
		{86381025-4EEF-4BF7-A768-F0047D567499}.Release|Any CPU.ActiveCfg = Release|Any CPU
		{86381025-4EEF-4BF7-A768-F0047D567499}.Release|Any CPU.Build.0 = Release|Any CPU
	EndGlobalSection
	GlobalSection(SolutionProperties) = preSolution
		HideSolutionNode = FALSE
	EndGlobalSection
	GlobalSection(ExtensibilityGlobals) = postSolution
		SolutionGuid = {CCDA3CF5-26BE-405D-9B77-42E77CB762D1}
	EndGlobalSection
EndGlobal
